
Microsoft Visual Studio Solution File, Format Version 12.00
# Visual Studio Version 17
VisualStudioVersion = 17.4.33205.214
MinimumVisualStudioVersion = 10.0.40219.1
Project("{2150E333-8FDC-42A3-9474-1A3956D46DE8}") = "Introduction_Csharp", "Introduction_Csharp", "{E30168AA-EF83-43A6-9988-AF6E90D02A8C}"
EndProject
Project("{9A19103F-16F7-4668-BE54-9A1E7A4F7556}") = "Introduction", "Introduction _CSharp\Introduction\Introduction.csproj", "{D1CE0E75-AFAC-4F22-9933-D15BE3E6535F}"
EndProject
Project("{2150E333-8FDC-42A3-9474-1A3956D46DE8}") = "Getting _User_Input", "Getting _User_Input", "{773938E5-E6B9-403F-98C8-AEBB4AE917A2}"
EndProject
Project("{9A19103F-16F7-4668-BE54-9A1E7A4F7556}") = "One_UserInput", "User_Input\One_UserInput\One_UserInput.csproj", "{D479C012-2902-4B62-8017-0F0651D8B984}"
EndProject
Project("{2150E333-8FDC-42A3-9474-1A3956D46DE8}") = "Built_In_DataTypes", "Built_In_DataTypes", "{D54DABFF-14B6-4851-A850-62BBCA35F21E}"
EndProject
Project("{9A19103F-16F7-4668-BE54-9A1E7A4F7556}") = "One_Built_InTypes", "Built_In_Types\One_Built_InTypes\One_Built_InTypes.csproj", "{8021FCF8-C95B-4A73-B6A5-5E8B14789C5A}"
EndProject
Project("{9A19103F-16F7-4668-BE54-9A1E7A4F7556}") = "Two_Built_In_Types", "Built_In_Types\Two_Built_In_Types\Two_Built_In_Types.csproj", "{99F25A18-6961-43A4-9D6A-BD319DB535F7}"
EndProject
Project("{2150E333-8FDC-42A3-9474-1A3956D46DE8}") = "Variable", "Variable", "{F391174D-7ABC-4730-803A-CE0DC698B042}"
EndProject
Project("{9A19103F-16F7-4668-BE54-9A1E7A4F7556}") = "One_DataTypeConversion", "Variable\One_DataTypeConversion\One_DataTypeConversion.csproj", "{5FB4FE13-B451-483B-9E42-A56859F5B26C}"
EndProject
Project("{9A19103F-16F7-4668-BE54-9A1E7A4F7556}") = "Two_Constant Variable", "Variable\Two_Constant Variable\Two_Constant Variable.csproj", "{30CAC6B5-BE86-4A84-BFA1-725604911202}"
EndProject
Project("{9A19103F-16F7-4668-BE54-9A1E7A4F7556}") = "Three_Date_TimeFormats", "Variable\Three_Date_TimeFormats\Three_Date_TimeFormats.csproj", "{4E393BDF-80B2-4F91-8BA1-3F9318EAA633}"
EndProject
Project("{2150E333-8FDC-42A3-9474-1A3956D46DE8}") = "Statements_Expression_Operator", "Statements_Expression_Operator", "{E0FF7179-CE7B-40FC-9F46-8F65A61823AE}"
EndProject
Project("{FAE04EC0-301F-11D3-BF4B-00C04F79EFBC}") = "One_ArithmeticOperator", "Statements_Expression_Operator\One_ArithmeticOperator\One_ArithmeticOperator.csproj", "{A76E29C0-C98E-414B-A754-BD1E4E35A429}"
EndProject
Project("{FAE04EC0-301F-11D3-BF4B-00C04F79EFBC}") = "Two_RelationalOr_Comparision", "Statements_Expression_Operator\Two_RelationalOr_Comparision\Two_RelationalOr_Comparision.csproj", "{C8A84008-C393-4B2D-B021-58D5B366EA91}"
EndProject
Global
	GlobalSection(SolutionConfigurationPlatforms) = preSolution
		Debug|Any CPU = Debug|Any CPU
		Release|Any CPU = Release|Any CPU
	EndGlobalSection
	GlobalSection(ProjectConfigurationPlatforms) = postSolution
		{D1CE0E75-AFAC-4F22-9933-D15BE3E6535F}.Debug|Any CPU.ActiveCfg = Debug|Any CPU
		{D1CE0E75-AFAC-4F22-9933-D15BE3E6535F}.Debug|Any CPU.Build.0 = Debug|Any CPU
		{D1CE0E75-AFAC-4F22-9933-D15BE3E6535F}.Release|Any CPU.ActiveCfg = Release|Any CPU
		{D1CE0E75-AFAC-4F22-9933-D15BE3E6535F}.Release|Any CPU.Build.0 = Release|Any CPU
		{D479C012-2902-4B62-8017-0F0651D8B984}.Debug|Any CPU.ActiveCfg = Debug|Any CPU
		{D479C012-2902-4B62-8017-0F0651D8B984}.Debug|Any CPU.Build.0 = Debug|Any CPU
		{D479C012-2902-4B62-8017-0F0651D8B984}.Release|Any CPU.ActiveCfg = Release|Any CPU
		{D479C012-2902-4B62-8017-0F0651D8B984}.Release|Any CPU.Build.0 = Release|Any CPU
		{8021FCF8-C95B-4A73-B6A5-5E8B14789C5A}.Debug|Any CPU.ActiveCfg = Debug|Any CPU
		{8021FCF8-C95B-4A73-B6A5-5E8B14789C5A}.Debug|Any CPU.Build.0 = Debug|Any CPU
		{8021FCF8-C95B-4A73-B6A5-5E8B14789C5A}.Release|Any CPU.ActiveCfg = Release|Any CPU
		{8021FCF8-C95B-4A73-B6A5-5E8B14789C5A}.Release|Any CPU.Build.0 = Release|Any CPU
		{99F25A18-6961-43A4-9D6A-BD319DB535F7}.Debug|Any CPU.ActiveCfg = Debug|Any CPU
		{99F25A18-6961-43A4-9D6A-BD319DB535F7}.Debug|Any CPU.Build.0 = Debug|Any CPU
		{99F25A18-6961-43A4-9D6A-BD319DB535F7}.Release|Any CPU.ActiveCfg = Release|Any CPU
		{99F25A18-6961-43A4-9D6A-BD319DB535F7}.Release|Any CPU.Build.0 = Release|Any CPU
		{5FB4FE13-B451-483B-9E42-A56859F5B26C}.Debug|Any CPU.ActiveCfg = Debug|Any CPU
		{5FB4FE13-B451-483B-9E42-A56859F5B26C}.Debug|Any CPU.Build.0 = Debug|Any CPU
		{5FB4FE13-B451-483B-9E42-A56859F5B26C}.Release|Any CPU.ActiveCfg = Release|Any CPU
		{5FB4FE13-B451-483B-9E42-A56859F5B26C}.Release|Any CPU.Build.0 = Release|Any CPU
		{30CAC6B5-BE86-4A84-BFA1-725604911202}.Debug|Any CPU.ActiveCfg = Debug|Any CPU
		{30CAC6B5-BE86-4A84-BFA1-725604911202}.Debug|Any CPU.Build.0 = Debug|Any CPU
		{30CAC6B5-BE86-4A84-BFA1-725604911202}.Release|Any CPU.ActiveCfg = Release|Any CPU
		{30CAC6B5-BE86-4A84-BFA1-725604911202}.Release|Any CPU.Build.0 = Release|Any CPU
		{4E393BDF-80B2-4F91-8BA1-3F9318EAA633}.Debug|Any CPU.ActiveCfg = Debug|Any CPU
		{4E393BDF-80B2-4F91-8BA1-3F9318EAA633}.Debug|Any CPU.Build.0 = Debug|Any CPU
		{4E393BDF-80B2-4F91-8BA1-3F9318EAA633}.Release|Any CPU.ActiveCfg = Release|Any CPU
		{4E393BDF-80B2-4F91-8BA1-3F9318EAA633}.Release|Any CPU.Build.0 = Release|Any CPU
		{A76E29C0-C98E-414B-A754-BD1E4E35A429}.Debug|Any CPU.ActiveCfg = Debug|Any CPU
		{A76E29C0-C98E-414B-A754-BD1E4E35A429}.Debug|Any CPU.Build.0 = Debug|Any CPU
		{A76E29C0-C98E-414B-A754-BD1E4E35A429}.Release|Any CPU.ActiveCfg = Release|Any CPU
		{A76E29C0-C98E-414B-A754-BD1E4E35A429}.Release|Any CPU.Build.0 = Release|Any CPU
		{C8A84008-C393-4B2D-B021-58D5B366EA91}.Debug|Any CPU.ActiveCfg = Debug|Any CPU
		{C8A84008-C393-4B2D-B021-58D5B366EA91}.Debug|Any CPU.Build.0 = Debug|Any CPU
		{C8A84008-C393-4B2D-B021-58D5B366EA91}.Release|Any CPU.ActiveCfg = Release|Any CPU
		{C8A84008-C393-4B2D-B021-58D5B366EA91}.Release|Any CPU.Build.0 = Release|Any CPU
	EndGlobalSection
	GlobalSection(SolutionProperties) = preSolution
		HideSolutionNode = FALSE
	EndGlobalSection
	GlobalSection(NestedProjects) = preSolution
		{D1CE0E75-AFAC-4F22-9933-D15BE3E6535F} = {E30168AA-EF83-43A6-9988-AF6E90D02A8C}
		{D479C012-2902-4B62-8017-0F0651D8B984} = {773938E5-E6B9-403F-98C8-AEBB4AE917A2}
		{8021FCF8-C95B-4A73-B6A5-5E8B14789C5A} = {D54DABFF-14B6-4851-A850-62BBCA35F21E}
		{99F25A18-6961-43A4-9D6A-BD319DB535F7} = {D54DABFF-14B6-4851-A850-62BBCA35F21E}
		{5FB4FE13-B451-483B-9E42-A56859F5B26C} = {F391174D-7ABC-4730-803A-CE0DC698B042}
		{30CAC6B5-BE86-4A84-BFA1-725604911202} = {F391174D-7ABC-4730-803A-CE0DC698B042}
		{4E393BDF-80B2-4F91-8BA1-3F9318EAA633} = {F391174D-7ABC-4730-803A-CE0DC698B042}
		{A76E29C0-C98E-414B-A754-BD1E4E35A429} = {E0FF7179-CE7B-40FC-9F46-8F65A61823AE}
		{C8A84008-C393-4B2D-B021-58D5B366EA91} = {E0FF7179-CE7B-40FC-9F46-8F65A61823AE}
	EndGlobalSection
	GlobalSection(ExtensibilityGlobals) = postSolution
		SolutionGuid = {DC36CA2D-EC45-4CE8-A812-6050C7395CB9}
	EndGlobalSection
EndGlobal
